
Microsoft Visual Studio Solution File, Format Version 12.00
# Visual Studio 2012
Project("{FAE04EC0-301F-11D3-BF4B-00C04F79EFBC}") = "CSharpTutorialPackage", "Project1\CSharpTutorialPackage.csproj", "{2B7E5F1A-412B-4F61-89D5-11E330BC8A0A}"
EndProject
Global
	GlobalSection(SolutionConfigurationPlatforms) = preSolution
		Debug|Any CPU = Debug|Any CPU
		Release|Any CPU = Release|Any CPU
	EndGlobalSection
	GlobalSection(ProjectConfigurationPlatforms) = postSolution
		{2B7E5F1A-412B-4F61-89D5-11E330BC8A0A}.Debug|Any CPU.ActiveCfg = Debug|Any CPU
		{2B7E5F1A-412B-4F61-89D5-11E330BC8A0A}.Debug|Any CPU.Build.0 = Debug|Any CPU
		{2B7E5F1A-412B-4F61-89D5-11E330BC8A0A}.Release|Any CPU.ActiveCfg = Release|Any CPU
		{2B7E5F1A-412B-4F61-89D5-11E330BC8A0A}.Release|Any CPU.Build.0 = Release|Any CPU
	EndGlobalSection
	GlobalSection(SolutionProperties) = preSolution
		HideSolutionNode = FALSE
	EndGlobalSection
EndGlobal
